// !$*UTF8*$!
{
	archiveVersion = 1;
	classes = {
	};
	objectVersion = 56;
	objects = {

/* Begin PBXBuildFile section */
		4A2D3D5C2C8B428600B02A4B /* AddToDoView.swift in Sources */ = {isa = PBXBuildFile; fileRef = 4A2D3D5B2C8B428600B02A4B /* AddToDoView.swift */; };
		4A3223C92C8F7595000C2A02 /* CoreData.xcdatamodeld in Sources */ = {isa = PBXBuildFile; fileRef = 4A3223C72C8F7595000C2A02 /* CoreData.xcdatamodeld */; };
		4A3223CB2C8F7744000C2A02 /* DataManager.swift in Sources */ = {isa = PBXBuildFile; fileRef = 4A3223CA2C8F7744000C2A02 /* DataManager.swift */; };
		4A60C3832C91D36C0057FEB6 /* NetworkManager.swift in Sources */ = {isa = PBXBuildFile; fileRef = 4A60C3822C91D36C0057FEB6 /* NetworkManager.swift */; };
		4A60C3862C91D8610057FEB6 /* NetworkResponse.swift in Sources */ = {isa = PBXBuildFile; fileRef = 4A60C3852C91D8610057FEB6 /* NetworkResponse.swift */; };
		4A60C3882C91D9B00057FEB6 /* NetworkErrors.swift in Sources */ = {isa = PBXBuildFile; fileRef = 4A60C3872C91D9B00057FEB6 /* NetworkErrors.swift */; };
		4A8C330B2C8DC6C600FF4276 /* TaskCellViewModel.swift in Sources */ = {isa = PBXBuildFile; fileRef = 4A8C330A2C8DC6C600FF4276 /* TaskCellViewModel.swift */; };
		4A8C330D2C8DC9B000FF4276 /* AddToDoViewModel.swift in Sources */ = {isa = PBXBuildFile; fileRef = 4A8C330C2C8DC9B000FF4276 /* AddToDoViewModel.swift */; };
		4A8C33102C8DE61900FF4276 /* ToDo.swift in Sources */ = {isa = PBXBuildFile; fileRef = 4A8C330F2C8DE61900FF4276 /* ToDo.swift */; };
		4A9C8D4F2C88706300B56C57 /* TopBarView.swift in Sources */ = {isa = PBXBuildFile; fileRef = 4A9C8D4E2C88706300B56C57 /* TopBarView.swift */; };
		4A9C8D512C88865200B56C57 /* MainViewModel.swift in Sources */ = {isa = PBXBuildFile; fileRef = 4A9C8D502C88865200B56C57 /* MainViewModel.swift */; };
		4A9C8D542C88B77F00B56C57 /* TaskCellView.swift in Sources */ = {isa = PBXBuildFile; fileRef = 4A9C8D532C88B77F00B56C57 /* TaskCellView.swift */; };
		4AE5426F2C90C70300A2360A /* ToDoDetailsView.swift in Sources */ = {isa = PBXBuildFile; fileRef = 4AE5426E2C90C70300A2360A /* ToDoDetailsView.swift */; };
		4AE542712C90C85400A2360A /* ToDoDetailsViewModel.swift in Sources */ = {isa = PBXBuildFile; fileRef = 4AE542702C90C85400A2360A /* ToDoDetailsViewModel.swift */; };
		4AEECB422C873E8300CE13EB /* ToDoApp.swift in Sources */ = {isa = PBXBuildFile; fileRef = 4AEECB412C873E8300CE13EB /* ToDoApp.swift */; };
		4AEECB442C873E8300CE13EB /* MainView.swift in Sources */ = {isa = PBXBuildFile; fileRef = 4AEECB432C873E8300CE13EB /* MainView.swift */; };
		4AEECB462C873E8500CE13EB /* Assets.xcassets in Resources */ = {isa = PBXBuildFile; fileRef = 4AEECB452C873E8500CE13EB /* Assets.xcassets */; };
		4AEECB492C873E8500CE13EB /* Preview Assets.xcassets in Resources */ = {isa = PBXBuildFile; fileRef = 4AEECB482C873E8500CE13EB /* Preview Assets.xcassets */; };
/* End PBXBuildFile section */

/* Begin PBXFileReference section */
		4A2D3D5B2C8B428600B02A4B /* AddToDoView.swift */ = {isa = PBXFileReference; lastKnownFileType = sourcecode.swift; path = AddToDoView.swift; sourceTree = "<group>"; };
		4A3223C82C8F7595000C2A02 /* ToDoCoreData.xcdatamodel */ = {isa = PBXFileReference; lastKnownFileType = wrapper.xcdatamodel; path = ToDoCoreData.xcdatamodel; sourceTree = "<group>"; };
		4A3223CA2C8F7744000C2A02 /* DataManager.swift */ = {isa = PBXFileReference; lastKnownFileType = sourcecode.swift; path = DataManager.swift; sourceTree = "<group>"; };
		4A60C3822C91D36C0057FEB6 /* NetworkManager.swift */ = {isa = PBXFileReference; lastKnownFileType = sourcecode.swift; path = NetworkManager.swift; sourceTree = "<group>"; };
		4A60C3852C91D8610057FEB6 /* NetworkResponse.swift */ = {isa = PBXFileReference; lastKnownFileType = sourcecode.swift; path = NetworkResponse.swift; sourceTree = "<group>"; };
		4A60C3872C91D9B00057FEB6 /* NetworkErrors.swift */ = {isa = PBXFileReference; lastKnownFileType = sourcecode.swift; path = NetworkErrors.swift; sourceTree = "<group>"; };
		4A8C330A2C8DC6C600FF4276 /* TaskCellViewModel.swift */ = {isa = PBXFileReference; lastKnownFileType = sourcecode.swift; path = TaskCellViewModel.swift; sourceTree = "<group>"; };
		4A8C330C2C8DC9B000FF4276 /* AddToDoViewModel.swift */ = {isa = PBXFileReference; lastKnownFileType = sourcecode.swift; path = AddToDoViewModel.swift; sourceTree = "<group>"; };
		4A8C330F2C8DE61900FF4276 /* ToDo.swift */ = {isa = PBXFileReference; lastKnownFileType = sourcecode.swift; path = ToDo.swift; sourceTree = "<group>"; };
		4A9C8D4E2C88706300B56C57 /* TopBarView.swift */ = {isa = PBXFileReference; lastKnownFileType = sourcecode.swift; path = TopBarView.swift; sourceTree = "<group>"; };
		4A9C8D502C88865200B56C57 /* MainViewModel.swift */ = {isa = PBXFileReference; lastKnownFileType = sourcecode.swift; path = MainViewModel.swift; sourceTree = "<group>"; };
		4A9C8D532C88B77F00B56C57 /* TaskCellView.swift */ = {isa = PBXFileReference; lastKnownFileType = sourcecode.swift; path = TaskCellView.swift; sourceTree = "<group>"; };
		4AE5426E2C90C70300A2360A /* ToDoDetailsView.swift */ = {isa = PBXFileReference; lastKnownFileType = sourcecode.swift; path = ToDoDetailsView.swift; sourceTree = "<group>"; };
		4AE542702C90C85400A2360A /* ToDoDetailsViewModel.swift */ = {isa = PBXFileReference; lastKnownFileType = sourcecode.swift; path = ToDoDetailsViewModel.swift; sourceTree = "<group>"; };
		4AEECB3E2C873E8300CE13EB /* ToDo.app */ = {isa = PBXFileReference; explicitFileType = wrapper.application; includeInIndex = 0; path = ToDo.app; sourceTree = BUILT_PRODUCTS_DIR; };
		4AEECB412C873E8300CE13EB /* ToDoApp.swift */ = {isa = PBXFileReference; lastKnownFileType = sourcecode.swift; path = ToDoApp.swift; sourceTree = "<group>"; };
		4AEECB432C873E8300CE13EB /* MainView.swift */ = {isa = PBXFileReference; lastKnownFileType = sourcecode.swift; path = MainView.swift; sourceTree = "<group>"; };
		4AEECB452C873E8500CE13EB /* Assets.xcassets */ = {isa = PBXFileReference; lastKnownFileType = folder.assetcatalog; path = Assets.xcassets; sourceTree = "<group>"; };
		4AEECB482C873E8500CE13EB /* Preview Assets.xcassets */ = {isa = PBXFileReference; lastKnownFileType = folder.assetcatalog; path = "Preview Assets.xcassets"; sourceTree = "<group>"; };
/* End PBXFileReference section */

/* Begin PBXFrameworksBuildPhase section */
		4AEECB3B2C873E8300CE13EB /* Frameworks */ = {
			isa = PBXFrameworksBuildPhase;
			buildActionMask = 2147483647;
			files = (
			);
			runOnlyForDeploymentPostprocessing = 0;
		};
/* End PBXFrameworksBuildPhase section */

/* Begin PBXGroup section */
		4A2D3D582C8B397100B02A4B /* Screens */ = {
			isa = PBXGroup;
			children = (
				4AE5426D2C90C1D800A2360A /* ToDoDetailsScreen */,
				4A2D3D592C8B397C00B02A4B /* HomeScreen */,
				4A2D3D5A2C8B427000B02A4B /* AddToDoScreen */,
			);
			path = Screens;
			sourceTree = "<group>";
		};
		4A2D3D592C8B397C00B02A4B /* HomeScreen */ = {
			isa = PBXGroup;
			children = (
				4A9C8D502C88865200B56C57 /* MainViewModel.swift */,
				4AEECB432C873E8300CE13EB /* MainView.swift */,
			);
			path = HomeScreen;
			sourceTree = "<group>";
		};
		4A2D3D5A2C8B427000B02A4B /* AddToDoScreen */ = {
			isa = PBXGroup;
			children = (
				4A8C330C2C8DC9B000FF4276 /* AddToDoViewModel.swift */,
				4A2D3D5B2C8B428600B02A4B /* AddToDoView.swift */,
			);
			path = AddToDoScreen;
			sourceTree = "<group>";
		};
		4A60C3842C91D83C0057FEB6 /* Network */ = {
			isa = PBXGroup;
			children = (
				4A60C3822C91D36C0057FEB6 /* NetworkManager.swift */,
				4A60C3852C91D8610057FEB6 /* NetworkResponse.swift */,
				4A60C3872C91D9B00057FEB6 /* NetworkErrors.swift */,
			);
			path = Network;
			sourceTree = "<group>";
		};
		4A8C330E2C8DE60200FF4276 /* Model */ = {
			isa = PBXGroup;
			children = (
				4A60C3842C91D83C0057FEB6 /* Network */,
				4A8C330F2C8DE61900FF4276 /* ToDo.swift */,
				4A3223CA2C8F7744000C2A02 /* DataManager.swift */,
				4A3223C72C8F7595000C2A02 /* CoreData.xcdatamodeld */,
			);
			path = Model;
			sourceTree = "<group>";
		};
		4A8C33112C8DE8FF00FF4276 /* TaskCellView */ = {
			isa = PBXGroup;
			children = (
				4A8C330A2C8DC6C600FF4276 /* TaskCellViewModel.swift */,
				4A9C8D532C88B77F00B56C57 /* TaskCellView.swift */,
			);
			path = TaskCellView;
			sourceTree = "<group>";
		};
		4A8C33122C8DE93100FF4276 /* TopBarView */ = {
			isa = PBXGroup;
			children = (
				4A9C8D4E2C88706300B56C57 /* TopBarView.swift */,
			);
			path = TopBarView;
			sourceTree = "<group>";
		};
		4A9C8D522C88B6FD00B56C57 /* Views */ = {
			isa = PBXGroup;
			children = (
				4A8C33122C8DE93100FF4276 /* TopBarView */,
				4A8C33112C8DE8FF00FF4276 /* TaskCellView */,
			);
			path = Views;
			sourceTree = "<group>";
		};
		4AE5426D2C90C1D800A2360A /* ToDoDetailsScreen */ = {
			isa = PBXGroup;
			children = (
				4AE542702C90C85400A2360A /* ToDoDetailsViewModel.swift */,
				4AE5426E2C90C70300A2360A /* ToDoDetailsView.swift */,
			);
			path = ToDoDetailsScreen;
			sourceTree = "<group>";
		};
		4AEECB352C873E8300CE13EB = {
			isa = PBXGroup;
			children = (
				4AEECB402C873E8300CE13EB /* ToDo */,
				4AEECB3F2C873E8300CE13EB /* Products */,
			);
			sourceTree = "<group>";
		};
		4AEECB3F2C873E8300CE13EB /* Products */ = {
			isa = PBXGroup;
			children = (
				4AEECB3E2C873E8300CE13EB /* ToDo.app */,
			);
			name = Products;
			sourceTree = "<group>";
		};
		4AEECB402C873E8300CE13EB /* ToDo */ = {
			isa = PBXGroup;
			children = (
				4A8C330E2C8DE60200FF4276 /* Model */,
				4A2D3D582C8B397100B02A4B /* Screens */,
				4A9C8D522C88B6FD00B56C57 /* Views */,
				4AEECB412C873E8300CE13EB /* ToDoApp.swift */,
				4AEECB452C873E8500CE13EB /* Assets.xcassets */,
				4AEECB472C873E8500CE13EB /* Preview Content */,
			);
			path = ToDo;
			sourceTree = "<group>";
		};
		4AEECB472C873E8500CE13EB /* Preview Content */ = {
			isa = PBXGroup;
			children = (
				4AEECB482C873E8500CE13EB /* Preview Assets.xcassets */,
			);
			path = "Preview Content";
			sourceTree = "<group>";
		};
/* End PBXGroup section */

/* Begin PBXNativeTarget section */
		4AEECB3D2C873E8300CE13EB /* ToDo */ = {
			isa = PBXNativeTarget;
			buildConfigurationList = 4AEECB4C2C873E8500CE13EB /* Build configuration list for PBXNativeTarget "ToDo" */;
			buildPhases = (
				4AEECB3A2C873E8300CE13EB /* Sources */,
				4AEECB3B2C873E8300CE13EB /* Frameworks */,
				4AEECB3C2C873E8300CE13EB /* Resources */,
			);
			buildRules = (
			);
			dependencies = (
			);
			name = ToDo;
			productName = ToDo;
			productReference = 4AEECB3E2C873E8300CE13EB /* ToDo.app */;
			productType = "com.apple.product-type.application";
		};
/* End PBXNativeTarget section */

/* Begin PBXProject section */
		4AEECB362C873E8300CE13EB /* Project object */ = {
			isa = PBXProject;
			attributes = {
				BuildIndependentTargetsInParallel = 1;
				LastSwiftUpdateCheck = 1540;
				LastUpgradeCheck = 1540;
				TargetAttributes = {
					4AEECB3D2C873E8300CE13EB = {
						CreatedOnToolsVersion = 15.4;
					};
				};
			};
			buildConfigurationList = 4AEECB392C873E8300CE13EB /* Build configuration list for PBXProject "ToDo" */;
			compatibilityVersion = "Xcode 14.0";
			developmentRegion = en;
			hasScannedForEncodings = 0;
			knownRegions = (
				en,
				Base,
			);
			mainGroup = 4AEECB352C873E8300CE13EB;
			productRefGroup = 4AEECB3F2C873E8300CE13EB /* Products */;
			projectDirPath = "";
			projectRoot = "";
			targets = (
				4AEECB3D2C873E8300CE13EB /* ToDo */,
			);
		};
/* End PBXProject section */

/* Begin PBXResourcesBuildPhase section */
		4AEECB3C2C873E8300CE13EB /* Resources */ = {
			isa = PBXResourcesBuildPhase;
			buildActionMask = 2147483647;
			files = (
				4AEECB492C873E8500CE13EB /* Preview Assets.xcassets in Resources */,
				4AEECB462C873E8500CE13EB /* Assets.xcassets in Resources */,
			);
			runOnlyForDeploymentPostprocessing = 0;
		};
/* End PBXResourcesBuildPhase section */

/* Begin PBXSourcesBuildPhase section */
		4AEECB3A2C873E8300CE13EB /* Sources */ = {
			isa = PBXSourcesBuildPhase;
			buildActionMask = 2147483647;
			files = (
				4A8C33102C8DE61900FF4276 /* ToDo.swift in Sources */,
				4A8C330B2C8DC6C600FF4276 /* TaskCellViewModel.swift in Sources */,
				4AEECB442C873E8300CE13EB /* MainView.swift in Sources */,
				4AE5426F2C90C70300A2360A /* ToDoDetailsView.swift in Sources */,
				4A9C8D4F2C88706300B56C57 /* TopBarView.swift in Sources */,
				4A60C3882C91D9B00057FEB6 /* NetworkErrors.swift in Sources */,
				4A2D3D5C2C8B428600B02A4B /* AddToDoView.swift in Sources */,
				4AE542712C90C85400A2360A /* ToDoDetailsViewModel.swift in Sources */,
				4A8C330D2C8DC9B000FF4276 /* AddToDoViewModel.swift in Sources */,
				4A3223C92C8F7595000C2A02 /* CoreData.xcdatamodeld in Sources */,
				4AEECB422C873E8300CE13EB /* ToDoApp.swift in Sources */,
				4A60C3832C91D36C0057FEB6 /* NetworkManager.swift in Sources */,
				4A60C3862C91D8610057FEB6 /* NetworkResponse.swift in Sources */,
				4A3223CB2C8F7744000C2A02 /* DataManager.swift in Sources */,
				4A9C8D512C88865200B56C57 /* MainViewModel.swift in Sources */,
				4A9C8D542C88B77F00B56C57 /* TaskCellView.swift in Sources */,
			);
			runOnlyForDeploymentPostprocessing = 0;
		};
/* End PBXSourcesBuildPhase section */

/* Begin XCBuildConfiguration section */
		4AEECB4A2C873E8500CE13EB /* Debug */ = {
			isa = XCBuildConfiguration;
			buildSettings = {
				ALWAYS_SEARCH_USER_PATHS = NO;
				ASSETCATALOG_COMPILER_GENERATE_SWIFT_ASSET_SYMBOL_EXTENSIONS = YES;
				CLANG_ANALYZER_NONNULL = YES;
				CLANG_ANALYZER_NUMBER_OBJECT_CONVERSION = YES_AGGRESSIVE;
				CLANG_CXX_LANGUAGE_STANDARD = "gnu++20";
				CLANG_ENABLE_MODULES = YES;
				CLANG_ENABLE_OBJC_ARC = YES;
				CLANG_ENABLE_OBJC_WEAK = YES;
				CLANG_WARN_BLOCK_CAPTURE_AUTORELEASING = YES;
				CLANG_WARN_BOOL_CONVERSION = YES;
				CLANG_WARN_COMMA = YES;
				CLANG_WARN_CONSTANT_CONVERSION = YES;
				CLANG_WARN_DEPRECATED_OBJC_IMPLEMENTATIONS = YES;
				CLANG_WARN_DIRECT_OBJC_ISA_USAGE = YES_ERROR;
				CLANG_WARN_DOCUMENTATION_COMMENTS = YES;
				CLANG_WARN_EMPTY_BODY = YES;
				CLANG_WARN_ENUM_CONVERSION = YES;
				CLANG_WARN_INFINITE_RECURSION = YES;
				CLANG_WARN_INT_CONVERSION = YES;
				CLANG_WARN_NON_LITERAL_NULL_CONVERSION = YES;
				CLANG_WARN_OBJC_IMPLICIT_RETAIN_SELF = YES;
				CLANG_WARN_OBJC_LITERAL_CONVERSION = YES;
				CLANG_WARN_OBJC_ROOT_CLASS = YES_ERROR;
				CLANG_WARN_QUOTED_INCLUDE_IN_FRAMEWORK_HEADER = YES;
				CLANG_WARN_RANGE_LOOP_ANALYSIS = YES;
				CLANG_WARN_STRICT_PROTOTYPES = YES;
				CLANG_WARN_SUSPICIOUS_MOVE = YES;
				CLANG_WARN_UNGUARDED_AVAILABILITY = YES_AGGRESSIVE;
				CLANG_WARN_UNREACHABLE_CODE = YES;
				CLANG_WARN__DUPLICATE_METHOD_MATCH = YES;
				COPY_PHASE_STRIP = NO;
				DEBUG_INFORMATION_FORMAT = dwarf;
				ENABLE_STRICT_OBJC_MSGSEND = YES;
				ENABLE_TESTABILITY = YES;
				ENABLE_USER_SCRIPT_SANDBOXING = YES;
				GCC_C_LANGUAGE_STANDARD = gnu17;
				GCC_DYNAMIC_NO_PIC = NO;
				GCC_NO_COMMON_BLOCKS = YES;
				GCC_OPTIMIZATION_LEVEL = 0;
				GCC_PREPROCESSOR_DEFINITIONS = (
					"DEBUG=1",
					"$(inherited)",
				);
				GCC_WARN_64_TO_32_BIT_CONVERSION = YES;
				GCC_WARN_ABOUT_RETURN_TYPE = YES_ERROR;
				GCC_WARN_UNDECLARED_SELECTOR = YES;
				GCC_WARN_UNINITIALIZED_AUTOS = YES_AGGRESSIVE;
				GCC_WARN_UNUSED_FUNCTION = YES;
				GCC_WARN_UNUSED_VARIABLE = YES;
				IPHONEOS_DEPLOYMENT_TARGET = 17.5;
				LOCALIZATION_PREFERS_STRING_CATALOGS = YES;
				MTL_ENABLE_DEBUG_INFO = INCLUDE_SOURCE;
				MTL_FAST_MATH = YES;
				ONLY_ACTIVE_ARCH = YES;
				SDKROOT = iphoneos;
				SWIFT_ACTIVE_COMPILATION_CONDITIONS = "DEBUG $(inherited)";
				SWIFT_OPTIMIZATION_LEVEL = "-Onone";
			};
			name = Debug;
		};
		4AEECB4B2C873E8500CE13EB /* Release */ = {
			isa = XCBuildConfiguration;
			buildSettings = {
				ALWAYS_SEARCH_USER_PATHS = NO;
				ASSETCATALOG_COMPILER_GENERATE_SWIFT_ASSET_SYMBOL_EXTENSIONS = YES;
				CLANG_ANALYZER_NONNULL = YES;
				CLANG_ANALYZER_NUMBER_OBJECT_CONVERSION = YES_AGGRESSIVE;
				CLANG_CXX_LANGUAGE_STANDARD = "gnu++20";
				CLANG_ENABLE_MODULES = YES;
				CLANG_ENABLE_OBJC_ARC = YES;
				CLANG_ENABLE_OBJC_WEAK = YES;
				CLANG_WARN_BLOCK_CAPTURE_AUTORELEASING = YES;
				CLANG_WARN_BOOL_CONVERSION = YES;
				CLANG_WARN_COMMA = YES;
				CLANG_WARN_CONSTANT_CONVERSION = YES;
				CLANG_WARN_DEPRECATED_OBJC_IMPLEMENTATIONS = YES;
				CLANG_WARN_DIRECT_OBJC_ISA_USAGE = YES_ERROR;
				CLANG_WARN_DOCUMENTATION_COMMENTS = YES;
				CLANG_WARN_EMPTY_BODY = YES;
				CLANG_WARN_ENUM_CONVERSION = YES;
				CLANG_WARN_INFINITE_RECURSION = YES;
				CLANG_WARN_INT_CONVERSION = YES;
				CLANG_WARN_NON_LITERAL_NULL_CONVERSION = YES;
				CLANG_WARN_OBJC_IMPLICIT_RETAIN_SELF = YES;
				CLANG_WARN_OBJC_LITERAL_CONVERSION = YES;
				CLANG_WARN_OBJC_ROOT_CLASS = YES_ERROR;
				CLANG_WARN_QUOTED_INCLUDE_IN_FRAMEWORK_HEADER = YES;
				CLANG_WARN_RANGE_LOOP_ANALYSIS = YES;
				CLANG_WARN_STRICT_PROTOTYPES = YES;
				CLANG_WARN_SUSPICIOUS_MOVE = YES;
				CLANG_WARN_UNGUARDED_AVAILABILITY = YES_AGGRESSIVE;
				CLANG_WARN_UNREACHABLE_CODE = YES;
				CLANG_WARN__DUPLICATE_METHOD_MATCH = YES;
				COPY_PHASE_STRIP = NO;
				DEBUG_INFORMATION_FORMAT = "dwarf-with-dsym";
				ENABLE_NS_ASSERTIONS = NO;
				ENABLE_STRICT_OBJC_MSGSEND = YES;
				ENABLE_USER_SCRIPT_SANDBOXING = YES;
				GCC_C_LANGUAGE_STANDARD = gnu17;
				GCC_NO_COMMON_BLOCKS = YES;
				GCC_WARN_64_TO_32_BIT_CONVERSION = YES;
				GCC_WARN_ABOUT_RETURN_TYPE = YES_ERROR;
				GCC_WARN_UNDECLARED_SELECTOR = YES;
				GCC_WARN_UNINITIALIZED_AUTOS = YES_AGGRESSIVE;
				GCC_WARN_UNUSED_FUNCTION = YES;
				GCC_WARN_UNUSED_VARIABLE = YES;
				IPHONEOS_DEPLOYMENT_TARGET = 17.5;
				LOCALIZATION_PREFERS_STRING_CATALOGS = YES;
				MTL_ENABLE_DEBUG_INFO = NO;
				MTL_FAST_MATH = YES;
				SDKROOT = iphoneos;
				SWIFT_COMPILATION_MODE = wholemodule;
				VALIDATE_PRODUCT = YES;
			};
			name = Release;
		};
		4AEECB4D2C873E8500CE13EB /* Debug */ = {
			isa = XCBuildConfiguration;
			buildSettings = {
				ASSETCATALOG_COMPILER_APPICON_NAME = AppIcon;
				ASSETCATALOG_COMPILER_GLOBAL_ACCENT_COLOR_NAME = AccentColor;
				CODE_SIGN_STYLE = Automatic;
				CURRENT_PROJECT_VERSION = 1;
				DEVELOPMENT_ASSET_PATHS = "\"ToDo/Preview Content\"";
				DEVELOPMENT_TEAM = T77GC7ZRWH;
				ENABLE_PREVIEWS = YES;
				GENERATE_INFOPLIST_FILE = YES;
				INFOPLIST_KEY_UIApplicationSceneManifest_Generation = YES;
				INFOPLIST_KEY_UIApplicationSupportsIndirectInputEvents = YES;
				INFOPLIST_KEY_UILaunchScreen_Generation = YES;
				INFOPLIST_KEY_UISupportedInterfaceOrientations_iPad = "UIInterfaceOrientationPortrait UIInterfaceOrientationPortraitUpsideDown UIInterfaceOrientationLandscapeLeft UIInterfaceOrientationLandscapeRight";
				INFOPLIST_KEY_UISupportedInterfaceOrientations_iPhone = "UIInterfaceOrientationPortrait UIInterfaceOrientationLandscapeLeft UIInterfaceOrientationLandscapeRight";
				LD_RUNPATH_SEARCH_PATHS = (
					"$(inherited)",
					"@executable_path/Frameworks",
				);
				MARKETING_VERSION = 1.0;
				PRODUCT_BUNDLE_IDENTIFIER = IE.ToDo;
				PRODUCT_NAME = "$(TARGET_NAME)";
				SWIFT_EMIT_LOC_STRINGS = YES;
				SWIFT_VERSION = 5.0;
				TARGETED_DEVICE_FAMILY = "1,2";
			};
			name = Debug;
		};
		4AEECB4E2C873E8500CE13EB /* Release */ = {
			isa = XCBuildConfiguration;
			buildSettings = {
				ASSETCATALOG_COMPILER_APPICON_NAME = AppIcon;
				ASSETCATALOG_COMPILER_GLOBAL_ACCENT_COLOR_NAME = AccentColor;
				CODE_SIGN_STYLE = Automatic;
				CURRENT_PROJECT_VERSION = 1;
				DEVELOPMENT_ASSET_PATHS = "\"ToDo/Preview Content\"";
				DEVELOPMENT_TEAM = T77GC7ZRWH;
				ENABLE_PREVIEWS = YES;
				GENERATE_INFOPLIST_FILE = YES;
				INFOPLIST_KEY_UIApplicationSceneManifest_Generation = YES;
				INFOPLIST_KEY_UIApplicationSupportsIndirectInputEvents = YES;
				INFOPLIST_KEY_UILaunchScreen_Generation = YES;
				INFOPLIST_KEY_UISupportedInterfaceOrientations_iPad = "UIInterfaceOrientationPortrait UIInterfaceOrientationPortraitUpsideDown UIInterfaceOrientationLandscapeLeft UIInterfaceOrientationLandscapeRight";
				INFOPLIST_KEY_UISupportedInterfaceOrientations_iPhone = "UIInterfaceOrientationPortrait UIInterfaceOrientationLandscapeLeft UIInterfaceOrientationLandscapeRight";
				LD_RUNPATH_SEARCH_PATHS = (
					"$(inherited)",
					"@executable_path/Frameworks",
				);
				MARKETING_VERSION = 1.0;
				PRODUCT_BUNDLE_IDENTIFIER = IE.ToDo;
				PRODUCT_NAME = "$(TARGET_NAME)";
				SWIFT_EMIT_LOC_STRINGS = YES;
				SWIFT_VERSION = 5.0;
				TARGETED_DEVICE_FAMILY = "1,2";
			};
			name = Release;
		};
/* End XCBuildConfiguration section */

/* Begin XCConfigurationList section */
		4AEECB392C873E8300CE13EB /* Build configuration list for PBXProject "ToDo" */ = {
			isa = XCConfigurationList;
			buildConfigurations = (
				4AEECB4A2C873E8500CE13EB /* Debug */,
				4AEECB4B2C873E8500CE13EB /* Release */,
			);
			defaultConfigurationIsVisible = 0;
			defaultConfigurationName = Release;
		};
		4AEECB4C2C873E8500CE13EB /* Build configuration list for PBXNativeTarget "ToDo" */ = {
			isa = XCConfigurationList;
			buildConfigurations = (
				4AEECB4D2C873E8500CE13EB /* Debug */,
				4AEECB4E2C873E8500CE13EB /* Release */,
			);
			defaultConfigurationIsVisible = 0;
			defaultConfigurationName = Release;
		};
/* End XCConfigurationList section */

/* Begin XCVersionGroup section */
		4A3223C72C8F7595000C2A02 /* CoreData.xcdatamodeld */ = {
			isa = XCVersionGroup;
			children = (
				4A3223C82C8F7595000C2A02 /* ToDoCoreData.xcdatamodel */,
			);
			currentVersion = 4A3223C82C8F7595000C2A02 /* ToDoCoreData.xcdatamodel */;
			path = CoreData.xcdatamodeld;
			sourceTree = "<group>";
			versionGroupType = wrapper.xcdatamodel;
		};
/* End XCVersionGroup section */
	};
	rootObject = 4AEECB362C873E8300CE13EB /* Project object */;
}
